
Microsoft Visual Studio Solution File, Format Version 12.00
# Visual Studio Version 16
VisualStudioVersion = 16.0.30114.105
MinimumVisualStudioVersion = 10.0.40219.1
Project("{2150E333-8FDC-42A3-9474-1A3956D46DE8}") = "Services", "Services", "{0B675FF4-272D-4301-AB73-46D8F2EAC59C}"
EndProject
Project("{2150E333-8FDC-42A3-9474-1A3956D46DE8}") = "Catalog", "Catalog", "{74C2B7FC-1FF7-4172-A9DB-EF008C5C8883}"
EndProject
Project("{E53339B2-1760-4266-BCC7-CA923CBCF16C}") = "docker-compose", "docker-compose.dcproj", "{C6C7C5AD-6F4E-4046-BA45-90D381740E03}"
EndProject
Project("{2150E333-8FDC-42A3-9474-1A3956D46DE8}") = "Basket", "Basket", "{6D707C71-7B37-4108-B13B-D56B6DA5A3BF}"
EndProject
Project("{2150E333-8FDC-42A3-9474-1A3956D46DE8}") = "Discount", "Discount", "{27834111-B1C0-4AEB-99AC-E0C4238087F5}"
EndProject
Project("{9A19103F-16F7-4668-BE54-9A1E7A4F7556}") = "Basket.Api", "Services\Basket\Basket.Api\Basket.Api.csproj", "{CDAC0134-078A-4674-A082-48729C46A303}"
EndProject
Project("{9A19103F-16F7-4668-BE54-9A1E7A4F7556}") = "Catalog.Api", "Services\Catalog\Catalog.Api\Catalog.Api.csproj", "{C4C6D21E-4B64-4355-92AC-094CF273D180}"
EndProject
Project("{9A19103F-16F7-4668-BE54-9A1E7A4F7556}") = "Discount.Api", "Services\Discount\Discount.Api\Discount.Api.csproj", "{E6CC9F07-6EE5-4AAA-AA92-1903BACA6D6B}"
EndProject
Project("{9A19103F-16F7-4668-BE54-9A1E7A4F7556}") = "Discount.Grpc", "Services\Discount\Discount.Grpc\Discount.Grpc.csproj", "{6EE88281-BA09-4AB2-81AA-614C523BBDCA}"
EndProject
Project("{2150E333-8FDC-42A3-9474-1A3956D46DE8}") = "Ordering", "Ordering", "{E1C60947-75B4-47AB-950D-F7E1C179A6A4}"
EndProject
Project("{9A19103F-16F7-4668-BE54-9A1E7A4F7556}") = "Ordering.Api", "Services\Ordering\Ordering.Api\Ordering.Api.csproj", "{1FA870C0-6848-464F-882C-439C8E61DE5D}"
EndProject
Project("{9A19103F-16F7-4668-BE54-9A1E7A4F7556}") = "Ordering.Domain", "Services\Ordering\Ordering.Domain\Ordering.Domain.csproj", "{B541D35C-41B8-49CE-93CC-1F09A900A93B}"
EndProject
Project("{9A19103F-16F7-4668-BE54-9A1E7A4F7556}") = "Ordering.Application", "Services\Ordering\Ordering.Application\Ordering.Application.csproj", "{6108ADA7-E28D-4893-A5EE-6BE08B6AF9EC}"
EndProject
Project("{9A19103F-16F7-4668-BE54-9A1E7A4F7556}") = "Ordering.Infrastructure", "Services\Ordering\Ordering.Infrastructure\Ordering.Infrastructure.csproj", "{57804FE7-75F2-465F-8634-AAEF6481443B}"
EndProject
Project("{2150E333-8FDC-42A3-9474-1A3956D46DE8}") = "BuildingBlocks", "BuildingBlocks", "{041C5034-A34F-44CC-A870-A09D9A0322D3}"
EndProject
Project("{9A19103F-16F7-4668-BE54-9A1E7A4F7556}") = "EventBus.Messages", "BuildingBlocks\EventBus.Messages\EventBus.Messages.csproj", "{36D0B7AD-244A-4363-83FF-4F4B61E0DE66}"
EndProject
Project("{2150E333-8FDC-42A3-9474-1A3956D46DE8}") = "ApiGateways", "ApiGateways", "{C1AD0447-83AA-4F69-B14B-42F73C37EA33}"
EndProject
Project("{9A19103F-16F7-4668-BE54-9A1E7A4F7556}") = "OcelotApiGateway", "ApiGateways\OcelotApiGateway\OcelotApiGateway.csproj", "{7EC466B2-33BE-49A9-ACC3-53D1A853B425}"
EndProject
Project("{FAE04EC0-301F-11D3-BF4B-00C04F79EFBC}") = "Shopping.Aggregator", "ApiGateways\Shopping.Aggregator\Shopping.Aggregator.csproj", "{CDFD67FB-B410-4CBC-8A32-B9BCEAB1FC15}"
EndProject
Global
	GlobalSection(SolutionConfigurationPlatforms) = preSolution
		Debug|Any CPU = Debug|Any CPU
		Release|Any CPU = Release|Any CPU
	EndGlobalSection
	GlobalSection(ProjectConfigurationPlatforms) = postSolution
		{C6C7C5AD-6F4E-4046-BA45-90D381740E03}.Debug|Any CPU.ActiveCfg = Debug|Any CPU
		{C6C7C5AD-6F4E-4046-BA45-90D381740E03}.Debug|Any CPU.Build.0 = Debug|Any CPU
		{C6C7C5AD-6F4E-4046-BA45-90D381740E03}.Release|Any CPU.ActiveCfg = Release|Any CPU
		{C6C7C5AD-6F4E-4046-BA45-90D381740E03}.Release|Any CPU.Build.0 = Release|Any CPU
		{CDAC0134-078A-4674-A082-48729C46A303}.Debug|Any CPU.ActiveCfg = Debug|Any CPU
		{CDAC0134-078A-4674-A082-48729C46A303}.Debug|Any CPU.Build.0 = Debug|Any CPU
		{CDAC0134-078A-4674-A082-48729C46A303}.Release|Any CPU.ActiveCfg = Release|Any CPU
		{CDAC0134-078A-4674-A082-48729C46A303}.Release|Any CPU.Build.0 = Release|Any CPU
		{C4C6D21E-4B64-4355-92AC-094CF273D180}.Debug|Any CPU.ActiveCfg = Debug|Any CPU
		{C4C6D21E-4B64-4355-92AC-094CF273D180}.Debug|Any CPU.Build.0 = Debug|Any CPU
		{C4C6D21E-4B64-4355-92AC-094CF273D180}.Release|Any CPU.ActiveCfg = Release|Any CPU
		{C4C6D21E-4B64-4355-92AC-094CF273D180}.Release|Any CPU.Build.0 = Release|Any CPU
		{E6CC9F07-6EE5-4AAA-AA92-1903BACA6D6B}.Debug|Any CPU.ActiveCfg = Debug|Any CPU
		{E6CC9F07-6EE5-4AAA-AA92-1903BACA6D6B}.Debug|Any CPU.Build.0 = Debug|Any CPU
		{E6CC9F07-6EE5-4AAA-AA92-1903BACA6D6B}.Release|Any CPU.ActiveCfg = Release|Any CPU
		{E6CC9F07-6EE5-4AAA-AA92-1903BACA6D6B}.Release|Any CPU.Build.0 = Release|Any CPU
		{6EE88281-BA09-4AB2-81AA-614C523BBDCA}.Debug|Any CPU.ActiveCfg = Debug|Any CPU
		{6EE88281-BA09-4AB2-81AA-614C523BBDCA}.Debug|Any CPU.Build.0 = Debug|Any CPU
		{6EE88281-BA09-4AB2-81AA-614C523BBDCA}.Release|Any CPU.ActiveCfg = Release|Any CPU
		{6EE88281-BA09-4AB2-81AA-614C523BBDCA}.Release|Any CPU.Build.0 = Release|Any CPU
		{1FA870C0-6848-464F-882C-439C8E61DE5D}.Debug|Any CPU.ActiveCfg = Debug|Any CPU
		{1FA870C0-6848-464F-882C-439C8E61DE5D}.Debug|Any CPU.Build.0 = Debug|Any CPU
		{1FA870C0-6848-464F-882C-439C8E61DE5D}.Release|Any CPU.ActiveCfg = Release|Any CPU
		{1FA870C0-6848-464F-882C-439C8E61DE5D}.Release|Any CPU.Build.0 = Release|Any CPU
		{B541D35C-41B8-49CE-93CC-1F09A900A93B}.Debug|Any CPU.ActiveCfg = Debug|Any CPU
		{B541D35C-41B8-49CE-93CC-1F09A900A93B}.Debug|Any CPU.Build.0 = Debug|Any CPU
		{B541D35C-41B8-49CE-93CC-1F09A900A93B}.Release|Any CPU.ActiveCfg = Release|Any CPU
		{B541D35C-41B8-49CE-93CC-1F09A900A93B}.Release|Any CPU.Build.0 = Release|Any CPU
		{6108ADA7-E28D-4893-A5EE-6BE08B6AF9EC}.Debug|Any CPU.ActiveCfg = Debug|Any CPU
		{6108ADA7-E28D-4893-A5EE-6BE08B6AF9EC}.Debug|Any CPU.Build.0 = Debug|Any CPU
		{6108ADA7-E28D-4893-A5EE-6BE08B6AF9EC}.Release|Any CPU.ActiveCfg = Release|Any CPU
		{6108ADA7-E28D-4893-A5EE-6BE08B6AF9EC}.Release|Any CPU.Build.0 = Release|Any CPU
		{57804FE7-75F2-465F-8634-AAEF6481443B}.Debug|Any CPU.ActiveCfg = Debug|Any CPU
		{57804FE7-75F2-465F-8634-AAEF6481443B}.Debug|Any CPU.Build.0 = Debug|Any CPU
		{57804FE7-75F2-465F-8634-AAEF6481443B}.Release|Any CPU.ActiveCfg = Release|Any CPU
		{57804FE7-75F2-465F-8634-AAEF6481443B}.Release|Any CPU.Build.0 = Release|Any CPU
		{36D0B7AD-244A-4363-83FF-4F4B61E0DE66}.Debug|Any CPU.ActiveCfg = Debug|Any CPU
		{36D0B7AD-244A-4363-83FF-4F4B61E0DE66}.Debug|Any CPU.Build.0 = Debug|Any CPU
		{36D0B7AD-244A-4363-83FF-4F4B61E0DE66}.Release|Any CPU.ActiveCfg = Release|Any CPU
		{36D0B7AD-244A-4363-83FF-4F4B61E0DE66}.Release|Any CPU.Build.0 = Release|Any CPU
		{7EC466B2-33BE-49A9-ACC3-53D1A853B425}.Debug|Any CPU.ActiveCfg = Debug|Any CPU
		{7EC466B2-33BE-49A9-ACC3-53D1A853B425}.Debug|Any CPU.Build.0 = Debug|Any CPU
		{7EC466B2-33BE-49A9-ACC3-53D1A853B425}.Release|Any CPU.ActiveCfg = Release|Any CPU
		{7EC466B2-33BE-49A9-ACC3-53D1A853B425}.Release|Any CPU.Build.0 = Release|Any CPU
		{CDFD67FB-B410-4CBC-8A32-B9BCEAB1FC15}.Debug|Any CPU.ActiveCfg = Debug|Any CPU
		{CDFD67FB-B410-4CBC-8A32-B9BCEAB1FC15}.Debug|Any CPU.Build.0 = Debug|Any CPU
		{CDFD67FB-B410-4CBC-8A32-B9BCEAB1FC15}.Release|Any CPU.ActiveCfg = Release|Any CPU
		{CDFD67FB-B410-4CBC-8A32-B9BCEAB1FC15}.Release|Any CPU.Build.0 = Release|Any CPU
	EndGlobalSection
	GlobalSection(SolutionProperties) = preSolution
		HideSolutionNode = FALSE
	EndGlobalSection
	GlobalSection(NestedProjects) = preSolution
		{74C2B7FC-1FF7-4172-A9DB-EF008C5C8883} = {0B675FF4-272D-4301-AB73-46D8F2EAC59C}
		{6D707C71-7B37-4108-B13B-D56B6DA5A3BF} = {0B675FF4-272D-4301-AB73-46D8F2EAC59C}
		{27834111-B1C0-4AEB-99AC-E0C4238087F5} = {0B675FF4-272D-4301-AB73-46D8F2EAC59C}
		{CDAC0134-078A-4674-A082-48729C46A303} = {6D707C71-7B37-4108-B13B-D56B6DA5A3BF}
		{C4C6D21E-4B64-4355-92AC-094CF273D180} = {74C2B7FC-1FF7-4172-A9DB-EF008C5C8883}
		{E6CC9F07-6EE5-4AAA-AA92-1903BACA6D6B} = {27834111-B1C0-4AEB-99AC-E0C4238087F5}
		{6EE88281-BA09-4AB2-81AA-614C523BBDCA} = {27834111-B1C0-4AEB-99AC-E0C4238087F5}
		{E1C60947-75B4-47AB-950D-F7E1C179A6A4} = {0B675FF4-272D-4301-AB73-46D8F2EAC59C}
		{1FA870C0-6848-464F-882C-439C8E61DE5D} = {E1C60947-75B4-47AB-950D-F7E1C179A6A4}
		{B541D35C-41B8-49CE-93CC-1F09A900A93B} = {E1C60947-75B4-47AB-950D-F7E1C179A6A4}
		{6108ADA7-E28D-4893-A5EE-6BE08B6AF9EC} = {E1C60947-75B4-47AB-950D-F7E1C179A6A4}
		{57804FE7-75F2-465F-8634-AAEF6481443B} = {E1C60947-75B4-47AB-950D-F7E1C179A6A4}
		{36D0B7AD-244A-4363-83FF-4F4B61E0DE66} = {041C5034-A34F-44CC-A870-A09D9A0322D3}
		{7EC466B2-33BE-49A9-ACC3-53D1A853B425} = {C1AD0447-83AA-4F69-B14B-42F73C37EA33}
		{CDFD67FB-B410-4CBC-8A32-B9BCEAB1FC15} = {C1AD0447-83AA-4F69-B14B-42F73C37EA33}
	EndGlobalSection
	GlobalSection(ExtensibilityGlobals) = postSolution
		SolutionGuid = {4F8B8D18-28BC-47C6-A4F4-BF00FD7B7696}
	EndGlobalSection
EndGlobal
